
Microsoft Visual Studio Solution File, Format Version 12.00
# Visual Studio 15
VisualStudioVersion = 15.0.28307.1267
MinimumVisualStudioVersion = 10.0.40219.1
Project("{FAE04EC0-301F-11D3-BF4B-00C04F79EFBC}") = "Hotels_WebApi_AarshModi", "Hotels_WebApi_AarshModi\Hotels_WebApi_AarshModi.csproj", "{5B96FAB7-E7E5-4D6D-BBDE-DC820DF4F9F9}"
EndProject
Project("{FAE04EC0-301F-11D3-BF4B-00C04F79EFBC}") = "DAL", "DAL\DAL.csproj", "{39427CB4-C082-4FD5-9265-848520F2B03D}"
EndProject
Project("{FAE04EC0-301F-11D3-BF4B-00C04F79EFBC}") = "BAL", "BAL\BAL.csproj", "{9009E568-C8C9-4FA1-8037-DF9B046D8D4F}"
EndProject
Project("{FAE04EC0-301F-11D3-BF4B-00C04F79EFBC}") = "Models", "Models\Models.csproj", "{8DE8FE42-9CA9-4D36-9781-A366DFC3D8A0}"
EndProject
Global
	GlobalSection(SolutionConfigurationPlatforms) = preSolution
		Debug|Any CPU = Debug|Any CPU
		Release|Any CPU = Release|Any CPU
	EndGlobalSection
	GlobalSection(ProjectConfigurationPlatforms) = postSolution
		{5B96FAB7-E7E5-4D6D-BBDE-DC820DF4F9F9}.Debug|Any CPU.ActiveCfg = Debug|Any CPU
		{5B96FAB7-E7E5-4D6D-BBDE-DC820DF4F9F9}.Debug|Any CPU.Build.0 = Debug|Any CPU
		{5B96FAB7-E7E5-4D6D-BBDE-DC820DF4F9F9}.Release|Any CPU.ActiveCfg = Release|Any CPU
		{5B96FAB7-E7E5-4D6D-BBDE-DC820DF4F9F9}.Release|Any CPU.Build.0 = Release|Any CPU
		{39427CB4-C082-4FD5-9265-848520F2B03D}.Debug|Any CPU.ActiveCfg = Debug|Any CPU
		{39427CB4-C082-4FD5-9265-848520F2B03D}.Debug|Any CPU.Build.0 = Debug|Any CPU
		{39427CB4-C082-4FD5-9265-848520F2B03D}.Release|Any CPU.ActiveCfg = Release|Any CPU
		{39427CB4-C082-4FD5-9265-848520F2B03D}.Release|Any CPU.Build.0 = Release|Any CPU
		{9009E568-C8C9-4FA1-8037-DF9B046D8D4F}.Debug|Any CPU.ActiveCfg = Debug|Any CPU
		{9009E568-C8C9-4FA1-8037-DF9B046D8D4F}.Debug|Any CPU.Build.0 = Debug|Any CPU
		{9009E568-C8C9-4FA1-8037-DF9B046D8D4F}.Release|Any CPU.ActiveCfg = Release|Any CPU
		{9009E568-C8C9-4FA1-8037-DF9B046D8D4F}.Release|Any CPU.Build.0 = Release|Any CPU
		{8DE8FE42-9CA9-4D36-9781-A366DFC3D8A0}.Debug|Any CPU.ActiveCfg = Debug|Any CPU
		{8DE8FE42-9CA9-4D36-9781-A366DFC3D8A0}.Debug|Any CPU.Build.0 = Debug|Any CPU
		{8DE8FE42-9CA9-4D36-9781-A366DFC3D8A0}.Release|Any CPU.ActiveCfg = Release|Any CPU
		{8DE8FE42-9CA9-4D36-9781-A366DFC3D8A0}.Release|Any CPU.Build.0 = Release|Any CPU
	EndGlobalSection
	GlobalSection(SolutionProperties) = preSolution
		HideSolutionNode = FALSE
	EndGlobalSection
	GlobalSection(ExtensibilityGlobals) = postSolution
		SolutionGuid = {595319B1-33E1-4006-B56A-EE995E8E8198}
	EndGlobalSection
EndGlobal
