
Microsoft Visual Studio Solution File, Format Version 12.00
# Visual Studio 15
VisualStudioVersion = 15.0.28307.1267
MinimumVisualStudioVersion = 10.0.40219.1
Project("{FAE04EC0-301F-11D3-BF4B-00C04F79EFBC}") = "CLPM_Test", "CLPM_Test\CLPM_Test.csproj", "{BABE14FD-BB38-49C2-BE85-5185313A0BF6}"
EndProject
Global
	GlobalSection(SolutionConfigurationPlatforms) = preSolution
		Debug|Any CPU = Debug|Any CPU
		Release|Any CPU = Release|Any CPU
	EndGlobalSection
	GlobalSection(ProjectConfigurationPlatforms) = postSolution
		{BABE14FD-BB38-49C2-BE85-5185313A0BF6}.Debug|Any CPU.ActiveCfg = Debug|Any CPU
		{BABE14FD-BB38-49C2-BE85-5185313A0BF6}.Debug|Any CPU.Build.0 = Debug|Any CPU
		{BABE14FD-BB38-49C2-BE85-5185313A0BF6}.Release|Any CPU.ActiveCfg = Release|Any CPU
		{BABE14FD-BB38-49C2-BE85-5185313A0BF6}.Release|Any CPU.Build.0 = Release|Any CPU
	EndGlobalSection
	GlobalSection(SolutionProperties) = preSolution
		HideSolutionNode = FALSE
	EndGlobalSection
	GlobalSection(ExtensibilityGlobals) = postSolution
		SolutionGuid = {A348ACBE-7FB8-4809-AA9E-D8ADF26FA595}
	EndGlobalSection
EndGlobal
